
Microsoft Visual Studio Solution File, Format Version 12.00
# Visual Studio 15
VisualStudioVersion = 15.0.28307.1231
MinimumVisualStudioVersion = 10.0.40219.1
Project("{FAE04EC0-301F-11D3-BF4B-00C04F79EFBC}") = "Domain", "Domain\Domain.csproj", "{33042B32-4385-4F4F-9BF5-D8229E7FF987}"
EndProject
Project("{FAE04EC0-301F-11D3-BF4B-00C04F79EFBC}") = "Service", "Service\Service.csproj", "{EF17185E-E628-4E6F-9E02-B6D7E993C447}"
EndProject
Project("{FAE04EC0-301F-11D3-BF4B-00C04F79EFBC}") = "ConsoleApp", "ConsoleApp\ConsoleApp.csproj", "{AB497AC6-4B90-4B5A-A382-7FABB8F384F3}"
EndProject
Project("{FAE04EC0-301F-11D3-BF4B-00C04F79EFBC}") = "WebSite", "WebSite\WebSite.csproj", "{58BF8C18-300E-4A2A-95AF-BD2ABE527E3C}"
EndProject
Project("{FAE04EC0-301F-11D3-BF4B-00C04F79EFBC}") = "WebSite.Tests", "WebSite.Tests\WebSite.Tests.csproj", "{F2358214-552B-4BF6-AF81-F25F785266D0}"
EndProject
Global
	GlobalSection(SolutionConfigurationPlatforms) = preSolution
		Debug|Any CPU = Debug|Any CPU
		Release|Any CPU = Release|Any CPU
	EndGlobalSection
	GlobalSection(ProjectConfigurationPlatforms) = postSolution
		{33042B32-4385-4F4F-9BF5-D8229E7FF987}.Debug|Any CPU.ActiveCfg = Debug|Any CPU
		{33042B32-4385-4F4F-9BF5-D8229E7FF987}.Debug|Any CPU.Build.0 = Debug|Any CPU
		{33042B32-4385-4F4F-9BF5-D8229E7FF987}.Release|Any CPU.ActiveCfg = Release|Any CPU
		{33042B32-4385-4F4F-9BF5-D8229E7FF987}.Release|Any CPU.Build.0 = Release|Any CPU
		{EF17185E-E628-4E6F-9E02-B6D7E993C447}.Debug|Any CPU.ActiveCfg = Debug|Any CPU
		{EF17185E-E628-4E6F-9E02-B6D7E993C447}.Debug|Any CPU.Build.0 = Debug|Any CPU
		{EF17185E-E628-4E6F-9E02-B6D7E993C447}.Release|Any CPU.ActiveCfg = Release|Any CPU
		{EF17185E-E628-4E6F-9E02-B6D7E993C447}.Release|Any CPU.Build.0 = Release|Any CPU
		{AB497AC6-4B90-4B5A-A382-7FABB8F384F3}.Debug|Any CPU.ActiveCfg = Debug|Any CPU
		{AB497AC6-4B90-4B5A-A382-7FABB8F384F3}.Debug|Any CPU.Build.0 = Debug|Any CPU
		{AB497AC6-4B90-4B5A-A382-7FABB8F384F3}.Release|Any CPU.ActiveCfg = Release|Any CPU
		{AB497AC6-4B90-4B5A-A382-7FABB8F384F3}.Release|Any CPU.Build.0 = Release|Any CPU
		{58BF8C18-300E-4A2A-95AF-BD2ABE527E3C}.Debug|Any CPU.ActiveCfg = Debug|Any CPU
		{58BF8C18-300E-4A2A-95AF-BD2ABE527E3C}.Debug|Any CPU.Build.0 = Debug|Any CPU
		{58BF8C18-300E-4A2A-95AF-BD2ABE527E3C}.Release|Any CPU.ActiveCfg = Release|Any CPU
		{58BF8C18-300E-4A2A-95AF-BD2ABE527E3C}.Release|Any CPU.Build.0 = Release|Any CPU
		{F2358214-552B-4BF6-AF81-F25F785266D0}.Debug|Any CPU.ActiveCfg = Debug|Any CPU
		{F2358214-552B-4BF6-AF81-F25F785266D0}.Debug|Any CPU.Build.0 = Debug|Any CPU
		{F2358214-552B-4BF6-AF81-F25F785266D0}.Release|Any CPU.ActiveCfg = Release|Any CPU
		{F2358214-552B-4BF6-AF81-F25F785266D0}.Release|Any CPU.Build.0 = Release|Any CPU
	EndGlobalSection
	GlobalSection(SolutionProperties) = preSolution
		HideSolutionNode = FALSE
	EndGlobalSection
	GlobalSection(ExtensibilityGlobals) = postSolution
		SolutionGuid = {4E47AE4E-D5DB-4939-A8E7-34F2C0871AF9}
	EndGlobalSection
EndGlobal
